
Microsoft Visual Studio Solution File, Format Version 12.00
# Visual Studio Version 16
VisualStudioVersion = 16.0.29424.173
MinimumVisualStudioVersion = 10.0.40219.1
Project("{FAE04EC0-301F-11D3-BF4B-00C04F79EFBC}") = "ConsoleApp5", "ConsoleApp5.csproj", "{AF0107A5-E771-4A6E-964E-7CE8A9779854}"
EndProject
Global
	GlobalSection(SolutionConfigurationPlatforms) = preSolution
		Debug|Any CPU = Debug|Any CPU
		Release|Any CPU = Release|Any CPU
	EndGlobalSection
	GlobalSection(ProjectConfigurationPlatforms) = postSolution
		{AF0107A5-E771-4A6E-964E-7CE8A9779854}.Debug|Any CPU.ActiveCfg = Debug|Any CPU
		{AF0107A5-E771-4A6E-964E-7CE8A9779854}.Debug|Any CPU.Build.0 = Debug|Any CPU
		{AF0107A5-E771-4A6E-964E-7CE8A9779854}.Release|Any CPU.ActiveCfg = Release|Any CPU
		{AF0107A5-E771-4A6E-964E-7CE8A9779854}.Release|Any CPU.Build.0 = Release|Any CPU
	EndGlobalSection
	GlobalSection(SolutionProperties) = preSolution
		HideSolutionNode = FALSE
	EndGlobalSection
	GlobalSection(ExtensibilityGlobals) = postSolution
		SolutionGuid = {4F233614-EC74-452E-95B5-83BD77E664AC}
	EndGlobalSection
EndGlobal
